
Microsoft Visual Studio Solution File, Format Version 12.00
# Visual Studio 2012
Project("{FAE04EC0-301F-11D3-BF4B-00C04F79EFBC}") = "NthDigit", "NthDigit\NthDigit.csproj", "{2ED171D1-4649-490A-916B-487840EADBB6}"
EndProject
Project("{FAE04EC0-301F-11D3-BF4B-00C04F79EFBC}") = "Notifications", "Notifications\Notifications.csproj", "{8D6C3B39-7A0F-4FAE-8F12-74439524A7C4}"
EndProject
Project("{FAE04EC0-301F-11D3-BF4B-00C04F79EFBC}") = "SumArrayElements", "SumArrayElements\SumArrayElements.csproj", "{AC495B96-96E4-4AE8-B495-7234A47F480A}"
EndProject
Project("{FAE04EC0-301F-11D3-BF4B-00C04F79EFBC}") = "MultiplyAnArrayOfDoubles", "MultiplyAnArrayOfDoubles\MultiplyAnArrayOfDoubles.csproj", "{E4F0A516-657C-439C-BCA9-4B94D0247034}"
EndProject
Project("{FAE04EC0-301F-11D3-BF4B-00C04F79EFBC}") = "SmallestElementInArray", "SmallestElementInArray\SmallestElementInArray.csproj", "{18D3EC7B-18A2-49BF-8BDB-5D9CC9E25335}"
EndProject
Project("{FAE04EC0-301F-11D3-BF4B-00C04F79EFBC}") = "RotateArrayOfStrings", "RotateArrayOfStrings\RotateArrayOfStrings.csproj", "{B5290C73-3B18-4BAD-B21E-5F375CE2C524}"
EndProject
Project("{9344BDBB-3E7F-41FC-A0DD-8665D75EE146}") = "Hello", "Hello\Hello.csproj", "{90148194-4EA9-4101-89DE-C98E10DF4D8E}"
EndProject
Project("{9344BDBB-3E7F-41FC-A0DD-8665D75EE146}") = "TimeSinceBirthday", "Second\TimeSinceBirthday.csproj", "{94D1009E-FD94-41F0-82B4-CB231ACA09B6}"
EndProject
Project("{9344BDBB-3E7F-41FC-A0DD-8665D75EE146}") = "CirclePerimeter", "CirclePerimeter\CirclePerimeter.csproj", "{CB1387F0-DE71-4A38-BF5D-86F6FF6DD915}"
EndProject
Project("{9344BDBB-3E7F-41FC-A0DD-8665D75EE146}") = "ExactProductOfRealNumbers", "ExactProductOfRealNumbers\ExactProductOfRealNumbers.csproj", "{AEBCED44-3B32-44AA-A466-E1E98CF6EA18}"
EndProject
Project("{9344BDBB-3E7F-41FC-A0DD-8665D75EE146}") = "Transport", "Transport\Transport.csproj", "{54053AD4-8B60-4EB4-B25C-23DD3CC2D9C4}"
EndProject
Project("{9344BDBB-3E7F-41FC-A0DD-8665D75EE146}") = "PracticeIntegerNumbers", "PracticeIntegerNumbers\PracticeIntegerNumbers.csproj", "{02D0FB38-5B0E-43F4-AA5B-0CE1B494701D}"
EndProject
Project("{9344BDBB-3E7F-41FC-A0DD-8665D75EE146}") = "PracticeFloatingPointNumbers", "PracticeFloatingPointNumbers\PracticeFloatingPointNumbers.csproj", "{A569DF7B-DE2C-4893-B6EC-02340CB20F06}"
EndProject
Project("{9344BDBB-3E7F-41FC-A0DD-8665D75EE146}") = "ExchangeVariableValues", "PracticeCharactersAndStrings\ExchangeVariableValues.csproj", "{4B2759FF-F9DE-4E48-A12E-B8D0CE8AB4C0}"
EndProject
Project("{9344BDBB-3E7F-41FC-A0DD-8665D75EE146}") = "SpecialNumbers", "SpecialNumbers\SpecialNumbers.csproj", "{43407605-69BE-4905-AAA5-9430BC22D8A8}"
EndProject
Project("{9344BDBB-3E7F-41FC-A0DD-8665D75EE146}") = "TriplesOfLatinLetters", "TriplesOfLatinLetters\TriplesOfLatinLetters.csproj", "{BFD93F5F-6466-4D3C-B6EA-BE9E4449BC00}"
EndProject
Project("{9344BDBB-3E7F-41FC-A0DD-8665D75EE146}") = "Greeting", "Greeting\Greeting.csproj", "{F4100144-027D-4BED-BA69-41556EAB1E29}"
EndProject
Project("{9344BDBB-3E7F-41FC-A0DD-8665D75EE146}") = "RefactorVolumeOfPyramid", "RefactorVolumeOfPyramid\RefactorVolumeOfPyramid.csproj", "{6BD2034F-2EDF-4EE4-A2FD-BF398A3BB0B2}"
EndProject
Project("{9344BDBB-3E7F-41FC-A0DD-8665D75EE146}") = "RefactorSpecialNumbers", "RefactorSpecialNumbers\RefactorSpecialNumbers.csproj", "{B068F825-2A95-49C8-8EFE-528C3FF3C431}"
EndProject
Project("{9344BDBB-3E7F-41FC-A0DD-8665D75EE146}") = "FloatOrInteger", "FloatOrInteger\FloatOrInteger.csproj", "{BE443EA6-C4BF-4AEA-8F24-D2A84176EE83}"
EndProject
Project("{9344BDBB-3E7F-41FC-A0DD-8665D75EE146}") = "DistanceOfTheStars", "DistanceOfTheStars\DistanceOfTheStars.csproj", "{CB6E45BA-ED07-4142-BBDE-652DBF4F1A59}"
EndProject
Project("{9344BDBB-3E7F-41FC-A0DD-8665D75EE146}") = "IncrementVariable", "IncrementVariable\IncrementVariable.csproj", "{E4989461-9F0B-4280-9496-5BD41EFD0B2F}"
EndProject
Project("{9344BDBB-3E7F-41FC-A0DD-8665D75EE146}") = "TerabytesToBits", "TerabytesToBits\TerabytesToBits.csproj", "{4F1730B7-0E08-441B-871C-80CFF7D358D8}"
EndProject
Project("{9344BDBB-3E7F-41FC-A0DD-8665D75EE146}") = "TravelingAtLightSpeed", "TravelingAtLightSpeed\TravelingAtLightSpeed.csproj", "{DAC1ADF9-A6FA-433A-ADD1-81418D95A30E}"
EndProject
Project("{9344BDBB-3E7F-41FC-A0DD-8665D75EE146}") = "PracticeCharAndStrings", "PracticeCharAndStrings\PracticeCharAndStrings.csproj", "{7A676868-D3F5-427E-B260-58FB9E0FEA0E}"
EndProject
Project("{9344BDBB-3E7F-41FC-A0DD-8665D75EE146}") = "VariableinHexadecimalFormat", "VariableinHexadecimalFormat\VariableinHexadecimalFormat.csproj", "{BE1744A1-030E-42A8-A24D-E7F9B8605084}"
EndProject
Project("{9344BDBB-3E7F-41FC-A0DD-8665D75EE146}") = "DigitsToWords", "DigitsToWords\DigitsToWords.csproj", "{5B3595AF-2E6F-4B3D-B398-62748021541B}"
EndProject
Project("{9344BDBB-3E7F-41FC-A0DD-8665D75EE146}") = "Calculator", "Calculator\Calculator.csproj", "{1C94E9C2-282A-48E1-82F9-02D91ABA5AE9}"
EndProject
Project("{9344BDBB-3E7F-41FC-A0DD-8665D75EE146}") = "BlankReceipt", "BlankReceipt\BlankReceipt.csproj", "{268389FD-355F-4C0C-B288-243E5D69D7C4}"
EndProject
Project("{9344BDBB-3E7F-41FC-A0DD-8665D75EE146}") = "SignOfIntegerNumber", "SignOfIntegerNumber\SignOfIntegerNumber.csproj", "{F339378B-729D-42C0-BF0D-F483964362B0}"
EndProject
Project("{9344BDBB-3E7F-41FC-A0DD-8665D75EE146}") = "PrintingTriangle", "PrintingTriangle\PrintingTriangle.csproj", "{47F54612-3DDE-4729-9F7A-D299714672A4}"
EndProject
Project("{9344BDBB-3E7F-41FC-A0DD-8665D75EE146}") = "DrawAFilledSquare", "DrawAFilledSquare\DrawAFilledSquare.csproj", "{39246C10-ADE6-40CF-A316-E0FEFD16440F}"
EndProject
Project("{9344BDBB-3E7F-41FC-A0DD-8665D75EE146}") = "CalculateTriangleArea", "CalculateTriangleArea\CalculateTriangleArea.csproj", "{E8727E62-09B0-4AAB-A54F-337A07FAB32F}"
EndProject
Project("{9344BDBB-3E7F-41FC-A0DD-8665D75EE146}") = "MathPower", "MathPower\MathPower.csproj", "{7D634537-83DC-459E-BA72-A373DC40F827}"
EndProject
Project("{9344BDBB-3E7F-41FC-A0DD-8665D75EE146}") = "GreaterOfTwoValues", "GreaterOfTwoValues\GreaterOfTwoValues.csproj", "{25E66DCA-6AED-4B61-A0D8-30CA36436316}"
EndProject
Project("{9344BDBB-3E7F-41FC-A0DD-8665D75EE146}") = "ASCIIString", "ASCIIString\ASCIIString.csproj", "{38F0B719-F7EA-4C64-BC8E-8C60CD24A3E2}"
EndProject
Project("{9344BDBB-3E7F-41FC-A0DD-8665D75EE146}") = "TrickyStrings", "TrickyStrings\TrickyStrings.csproj", "{31594A77-0765-427B-8651-2C431925EF65}"
EndProject
Project("{9344BDBB-3E7F-41FC-A0DD-8665D75EE146}") = "HelloName", "HelloName\HelloName.csproj", "{ACF1AC41-800F-467E-A3A5-73813B7BBCC2}"
EndProject
Project("{9344BDBB-3E7F-41FC-A0DD-8665D75EE146}") = "MinMethod", "MinMethod\MinMethod.csproj", "{1BA2327B-D5C8-4774-B668-CC6DED4F1136}"
EndProject
Project("{9344BDBB-3E7F-41FC-A0DD-8665D75EE146}") = "StringRepater", "StringRepater\StringRepater.csproj", "{ACE408D6-2F7A-43D2-B0DB-019FC5E5C176}"
EndProject
Project("{9344BDBB-3E7F-41FC-A0DD-8665D75EE146}") = "IntegerToBase", "IntegerToBase\IntegerToBase.csproj", "{314E8515-139D-4697-9EFC-010E08913E90}"
EndProject
Project("{9344BDBB-3E7F-41FC-A0DD-8665D75EE146}") = "OddNumbersAtOddPositions", "OddNumbersAtOddPositions\OddNumbersAtOddPositions.csproj", "{3D9DAB52-30EE-47EE-B540-C71EEFCAF40A}"
EndProject
Project("{FAE04EC0-301F-11D3-BF4B-00C04F79EFBC}") = "LargestElementinArray", "LargestElementinArray\LargestElementinArray.csproj", "{266126D4-BD99-411B-AA64-AC1C16ED178D}"
EndProject
Global
	GlobalSection(SolutionConfigurationPlatforms) = preSolution
		Debug|x86 = Debug|x86
		Release|x86 = Release|x86
	EndGlobalSection
	GlobalSection(ProjectConfigurationPlatforms) = postSolution
		{2ED171D1-4649-490A-916B-487840EADBB6}.Debug|x86.ActiveCfg = Debug|x86
		{2ED171D1-4649-490A-916B-487840EADBB6}.Debug|x86.Build.0 = Debug|x86
		{2ED171D1-4649-490A-916B-487840EADBB6}.Release|x86.ActiveCfg = Release|x86
		{2ED171D1-4649-490A-916B-487840EADBB6}.Release|x86.Build.0 = Release|x86
		{8D6C3B39-7A0F-4FAE-8F12-74439524A7C4}.Debug|x86.ActiveCfg = Debug|x86
		{8D6C3B39-7A0F-4FAE-8F12-74439524A7C4}.Debug|x86.Build.0 = Debug|x86
		{8D6C3B39-7A0F-4FAE-8F12-74439524A7C4}.Release|x86.ActiveCfg = Release|x86
		{8D6C3B39-7A0F-4FAE-8F12-74439524A7C4}.Release|x86.Build.0 = Release|x86
		{AC495B96-96E4-4AE8-B495-7234A47F480A}.Debug|x86.ActiveCfg = Debug|x86
		{AC495B96-96E4-4AE8-B495-7234A47F480A}.Debug|x86.Build.0 = Debug|x86
		{AC495B96-96E4-4AE8-B495-7234A47F480A}.Release|x86.ActiveCfg = Release|x86
		{AC495B96-96E4-4AE8-B495-7234A47F480A}.Release|x86.Build.0 = Release|x86
		{E4F0A516-657C-439C-BCA9-4B94D0247034}.Debug|x86.ActiveCfg = Debug|x86
		{E4F0A516-657C-439C-BCA9-4B94D0247034}.Debug|x86.Build.0 = Debug|x86
		{E4F0A516-657C-439C-BCA9-4B94D0247034}.Release|x86.ActiveCfg = Release|x86
		{E4F0A516-657C-439C-BCA9-4B94D0247034}.Release|x86.Build.0 = Release|x86
		{18D3EC7B-18A2-49BF-8BDB-5D9CC9E25335}.Debug|x86.ActiveCfg = Debug|x86
		{18D3EC7B-18A2-49BF-8BDB-5D9CC9E25335}.Debug|x86.Build.0 = Debug|x86
		{18D3EC7B-18A2-49BF-8BDB-5D9CC9E25335}.Release|x86.ActiveCfg = Release|x86
		{18D3EC7B-18A2-49BF-8BDB-5D9CC9E25335}.Release|x86.Build.0 = Release|x86
		{B5290C73-3B18-4BAD-B21E-5F375CE2C524}.Debug|x86.ActiveCfg = Debug|x86
		{B5290C73-3B18-4BAD-B21E-5F375CE2C524}.Debug|x86.Build.0 = Debug|x86
		{B5290C73-3B18-4BAD-B21E-5F375CE2C524}.Release|x86.ActiveCfg = Release|x86
		{B5290C73-3B18-4BAD-B21E-5F375CE2C524}.Release|x86.Build.0 = Release|x86
		{90148194-4EA9-4101-89DE-C98E10DF4D8E}.Debug|x86.ActiveCfg = Debug|x86
		{90148194-4EA9-4101-89DE-C98E10DF4D8E}.Debug|x86.Build.0 = Debug|x86
		{90148194-4EA9-4101-89DE-C98E10DF4D8E}.Release|x86.ActiveCfg = Release|x86
		{90148194-4EA9-4101-89DE-C98E10DF4D8E}.Release|x86.Build.0 = Release|x86
		{94D1009E-FD94-41F0-82B4-CB231ACA09B6}.Debug|x86.ActiveCfg = Debug|x86
		{94D1009E-FD94-41F0-82B4-CB231ACA09B6}.Debug|x86.Build.0 = Debug|x86
		{94D1009E-FD94-41F0-82B4-CB231ACA09B6}.Release|x86.ActiveCfg = Release|x86
		{94D1009E-FD94-41F0-82B4-CB231ACA09B6}.Release|x86.Build.0 = Release|x86
		{CB1387F0-DE71-4A38-BF5D-86F6FF6DD915}.Debug|x86.ActiveCfg = Debug|x86
		{CB1387F0-DE71-4A38-BF5D-86F6FF6DD915}.Debug|x86.Build.0 = Debug|x86
		{CB1387F0-DE71-4A38-BF5D-86F6FF6DD915}.Release|x86.ActiveCfg = Release|x86
		{CB1387F0-DE71-4A38-BF5D-86F6FF6DD915}.Release|x86.Build.0 = Release|x86
		{AEBCED44-3B32-44AA-A466-E1E98CF6EA18}.Debug|x86.ActiveCfg = Debug|x86
		{AEBCED44-3B32-44AA-A466-E1E98CF6EA18}.Debug|x86.Build.0 = Debug|x86
		{AEBCED44-3B32-44AA-A466-E1E98CF6EA18}.Release|x86.ActiveCfg = Release|x86
		{AEBCED44-3B32-44AA-A466-E1E98CF6EA18}.Release|x86.Build.0 = Release|x86
		{54053AD4-8B60-4EB4-B25C-23DD3CC2D9C4}.Debug|x86.ActiveCfg = Debug|x86
		{54053AD4-8B60-4EB4-B25C-23DD3CC2D9C4}.Debug|x86.Build.0 = Debug|x86
		{54053AD4-8B60-4EB4-B25C-23DD3CC2D9C4}.Release|x86.ActiveCfg = Release|x86
		{54053AD4-8B60-4EB4-B25C-23DD3CC2D9C4}.Release|x86.Build.0 = Release|x86
		{02D0FB38-5B0E-43F4-AA5B-0CE1B494701D}.Debug|x86.ActiveCfg = Debug|x86
		{02D0FB38-5B0E-43F4-AA5B-0CE1B494701D}.Debug|x86.Build.0 = Debug|x86
		{02D0FB38-5B0E-43F4-AA5B-0CE1B494701D}.Release|x86.ActiveCfg = Release|x86
		{02D0FB38-5B0E-43F4-AA5B-0CE1B494701D}.Release|x86.Build.0 = Release|x86
		{A569DF7B-DE2C-4893-B6EC-02340CB20F06}.Debug|x86.ActiveCfg = Debug|x86
		{A569DF7B-DE2C-4893-B6EC-02340CB20F06}.Debug|x86.Build.0 = Debug|x86
		{A569DF7B-DE2C-4893-B6EC-02340CB20F06}.Release|x86.ActiveCfg = Release|x86
		{A569DF7B-DE2C-4893-B6EC-02340CB20F06}.Release|x86.Build.0 = Release|x86
		{4B2759FF-F9DE-4E48-A12E-B8D0CE8AB4C0}.Debug|x86.ActiveCfg = Debug|x86
		{4B2759FF-F9DE-4E48-A12E-B8D0CE8AB4C0}.Debug|x86.Build.0 = Debug|x86
		{4B2759FF-F9DE-4E48-A12E-B8D0CE8AB4C0}.Release|x86.ActiveCfg = Release|x86
		{4B2759FF-F9DE-4E48-A12E-B8D0CE8AB4C0}.Release|x86.Build.0 = Release|x86
		{43407605-69BE-4905-AAA5-9430BC22D8A8}.Debug|x86.ActiveCfg = Debug|x86
		{43407605-69BE-4905-AAA5-9430BC22D8A8}.Debug|x86.Build.0 = Debug|x86
		{43407605-69BE-4905-AAA5-9430BC22D8A8}.Release|x86.ActiveCfg = Release|x86
		{43407605-69BE-4905-AAA5-9430BC22D8A8}.Release|x86.Build.0 = Release|x86
		{BFD93F5F-6466-4D3C-B6EA-BE9E4449BC00}.Debug|x86.ActiveCfg = Debug|x86
		{BFD93F5F-6466-4D3C-B6EA-BE9E4449BC00}.Debug|x86.Build.0 = Debug|x86
		{BFD93F5F-6466-4D3C-B6EA-BE9E4449BC00}.Release|x86.ActiveCfg = Release|x86
		{BFD93F5F-6466-4D3C-B6EA-BE9E4449BC00}.Release|x86.Build.0 = Release|x86
		{F4100144-027D-4BED-BA69-41556EAB1E29}.Debug|x86.ActiveCfg = Debug|x86
		{F4100144-027D-4BED-BA69-41556EAB1E29}.Debug|x86.Build.0 = Debug|x86
		{F4100144-027D-4BED-BA69-41556EAB1E29}.Release|x86.ActiveCfg = Release|x86
		{F4100144-027D-4BED-BA69-41556EAB1E29}.Release|x86.Build.0 = Release|x86
		{6BD2034F-2EDF-4EE4-A2FD-BF398A3BB0B2}.Debug|x86.ActiveCfg = Debug|x86
		{6BD2034F-2EDF-4EE4-A2FD-BF398A3BB0B2}.Debug|x86.Build.0 = Debug|x86
		{6BD2034F-2EDF-4EE4-A2FD-BF398A3BB0B2}.Release|x86.ActiveCfg = Release|x86
		{6BD2034F-2EDF-4EE4-A2FD-BF398A3BB0B2}.Release|x86.Build.0 = Release|x86
		{B068F825-2A95-49C8-8EFE-528C3FF3C431}.Debug|x86.ActiveCfg = Debug|x86
		{B068F825-2A95-49C8-8EFE-528C3FF3C431}.Debug|x86.Build.0 = Debug|x86
		{B068F825-2A95-49C8-8EFE-528C3FF3C431}.Release|x86.ActiveCfg = Release|x86
		{B068F825-2A95-49C8-8EFE-528C3FF3C431}.Release|x86.Build.0 = Release|x86
		{BE443EA6-C4BF-4AEA-8F24-D2A84176EE83}.Debug|x86.ActiveCfg = Debug|x86
		{BE443EA6-C4BF-4AEA-8F24-D2A84176EE83}.Debug|x86.Build.0 = Debug|x86
		{BE443EA6-C4BF-4AEA-8F24-D2A84176EE83}.Release|x86.ActiveCfg = Release|x86
		{BE443EA6-C4BF-4AEA-8F24-D2A84176EE83}.Release|x86.Build.0 = Release|x86
		{CB6E45BA-ED07-4142-BBDE-652DBF4F1A59}.Debug|x86.ActiveCfg = Debug|x86
		{CB6E45BA-ED07-4142-BBDE-652DBF4F1A59}.Debug|x86.Build.0 = Debug|x86
		{CB6E45BA-ED07-4142-BBDE-652DBF4F1A59}.Release|x86.ActiveCfg = Release|x86
		{CB6E45BA-ED07-4142-BBDE-652DBF4F1A59}.Release|x86.Build.0 = Release|x86
		{E4989461-9F0B-4280-9496-5BD41EFD0B2F}.Debug|x86.ActiveCfg = Debug|x86
		{E4989461-9F0B-4280-9496-5BD41EFD0B2F}.Debug|x86.Build.0 = Debug|x86
		{E4989461-9F0B-4280-9496-5BD41EFD0B2F}.Release|x86.ActiveCfg = Release|x86
		{E4989461-9F0B-4280-9496-5BD41EFD0B2F}.Release|x86.Build.0 = Release|x86
		{4F1730B7-0E08-441B-871C-80CFF7D358D8}.Debug|x86.ActiveCfg = Debug|x86
		{4F1730B7-0E08-441B-871C-80CFF7D358D8}.Debug|x86.Build.0 = Debug|x86
		{4F1730B7-0E08-441B-871C-80CFF7D358D8}.Release|x86.ActiveCfg = Release|x86
		{4F1730B7-0E08-441B-871C-80CFF7D358D8}.Release|x86.Build.0 = Release|x86
		{DAC1ADF9-A6FA-433A-ADD1-81418D95A30E}.Debug|x86.ActiveCfg = Debug|x86
		{DAC1ADF9-A6FA-433A-ADD1-81418D95A30E}.Debug|x86.Build.0 = Debug|x86
		{DAC1ADF9-A6FA-433A-ADD1-81418D95A30E}.Release|x86.ActiveCfg = Release|x86
		{DAC1ADF9-A6FA-433A-ADD1-81418D95A30E}.Release|x86.Build.0 = Release|x86
		{7A676868-D3F5-427E-B260-58FB9E0FEA0E}.Debug|x86.ActiveCfg = Debug|x86
		{7A676868-D3F5-427E-B260-58FB9E0FEA0E}.Debug|x86.Build.0 = Debug|x86
		{7A676868-D3F5-427E-B260-58FB9E0FEA0E}.Release|x86.ActiveCfg = Release|x86
		{7A676868-D3F5-427E-B260-58FB9E0FEA0E}.Release|x86.Build.0 = Release|x86
		{BE1744A1-030E-42A8-A24D-E7F9B8605084}.Debug|x86.ActiveCfg = Debug|x86
		{BE1744A1-030E-42A8-A24D-E7F9B8605084}.Debug|x86.Build.0 = Debug|x86
		{BE1744A1-030E-42A8-A24D-E7F9B8605084}.Release|x86.ActiveCfg = Release|x86
		{BE1744A1-030E-42A8-A24D-E7F9B8605084}.Release|x86.Build.0 = Release|x86
		{5B3595AF-2E6F-4B3D-B398-62748021541B}.Debug|x86.ActiveCfg = Debug|x86
		{5B3595AF-2E6F-4B3D-B398-62748021541B}.Debug|x86.Build.0 = Debug|x86
		{5B3595AF-2E6F-4B3D-B398-62748021541B}.Release|x86.ActiveCfg = Release|x86
		{5B3595AF-2E6F-4B3D-B398-62748021541B}.Release|x86.Build.0 = Release|x86
		{1C94E9C2-282A-48E1-82F9-02D91ABA5AE9}.Debug|x86.ActiveCfg = Debug|x86
		{1C94E9C2-282A-48E1-82F9-02D91ABA5AE9}.Debug|x86.Build.0 = Debug|x86
		{1C94E9C2-282A-48E1-82F9-02D91ABA5AE9}.Release|x86.ActiveCfg = Release|x86
		{1C94E9C2-282A-48E1-82F9-02D91ABA5AE9}.Release|x86.Build.0 = Release|x86
		{268389FD-355F-4C0C-B288-243E5D69D7C4}.Debug|x86.ActiveCfg = Debug|x86
		{268389FD-355F-4C0C-B288-243E5D69D7C4}.Debug|x86.Build.0 = Debug|x86
		{268389FD-355F-4C0C-B288-243E5D69D7C4}.Release|x86.ActiveCfg = Release|x86
		{268389FD-355F-4C0C-B288-243E5D69D7C4}.Release|x86.Build.0 = Release|x86
		{F339378B-729D-42C0-BF0D-F483964362B0}.Debug|x86.ActiveCfg = Debug|x86
		{F339378B-729D-42C0-BF0D-F483964362B0}.Debug|x86.Build.0 = Debug|x86
		{F339378B-729D-42C0-BF0D-F483964362B0}.Release|x86.ActiveCfg = Release|x86
		{F339378B-729D-42C0-BF0D-F483964362B0}.Release|x86.Build.0 = Release|x86
		{47F54612-3DDE-4729-9F7A-D299714672A4}.Debug|x86.ActiveCfg = Debug|x86
		{47F54612-3DDE-4729-9F7A-D299714672A4}.Debug|x86.Build.0 = Debug|x86
		{47F54612-3DDE-4729-9F7A-D299714672A4}.Release|x86.ActiveCfg = Release|x86
		{47F54612-3DDE-4729-9F7A-D299714672A4}.Release|x86.Build.0 = Release|x86
		{39246C10-ADE6-40CF-A316-E0FEFD16440F}.Debug|x86.ActiveCfg = Debug|x86
		{39246C10-ADE6-40CF-A316-E0FEFD16440F}.Debug|x86.Build.0 = Debug|x86
		{39246C10-ADE6-40CF-A316-E0FEFD16440F}.Release|x86.ActiveCfg = Release|x86
		{39246C10-ADE6-40CF-A316-E0FEFD16440F}.Release|x86.Build.0 = Release|x86
		{E8727E62-09B0-4AAB-A54F-337A07FAB32F}.Debug|x86.ActiveCfg = Debug|x86
		{E8727E62-09B0-4AAB-A54F-337A07FAB32F}.Debug|x86.Build.0 = Debug|x86
		{E8727E62-09B0-4AAB-A54F-337A07FAB32F}.Release|x86.ActiveCfg = Release|x86
		{E8727E62-09B0-4AAB-A54F-337A07FAB32F}.Release|x86.Build.0 = Release|x86
		{7D634537-83DC-459E-BA72-A373DC40F827}.Debug|x86.ActiveCfg = Debug|x86
		{7D634537-83DC-459E-BA72-A373DC40F827}.Debug|x86.Build.0 = Debug|x86
		{7D634537-83DC-459E-BA72-A373DC40F827}.Release|x86.ActiveCfg = Release|x86
		{7D634537-83DC-459E-BA72-A373DC40F827}.Release|x86.Build.0 = Release|x86
		{25E66DCA-6AED-4B61-A0D8-30CA36436316}.Debug|x86.ActiveCfg = Debug|x86
		{25E66DCA-6AED-4B61-A0D8-30CA36436316}.Debug|x86.Build.0 = Debug|x86
		{25E66DCA-6AED-4B61-A0D8-30CA36436316}.Release|x86.ActiveCfg = Release|x86
		{25E66DCA-6AED-4B61-A0D8-30CA36436316}.Release|x86.Build.0 = Release|x86
		{38F0B719-F7EA-4C64-BC8E-8C60CD24A3E2}.Debug|x86.ActiveCfg = Debug|x86
		{38F0B719-F7EA-4C64-BC8E-8C60CD24A3E2}.Debug|x86.Build.0 = Debug|x86
		{38F0B719-F7EA-4C64-BC8E-8C60CD24A3E2}.Release|x86.ActiveCfg = Release|x86
		{38F0B719-F7EA-4C64-BC8E-8C60CD24A3E2}.Release|x86.Build.0 = Release|x86
		{31594A77-0765-427B-8651-2C431925EF65}.Debug|x86.ActiveCfg = Debug|x86
		{31594A77-0765-427B-8651-2C431925EF65}.Debug|x86.Build.0 = Debug|x86
		{31594A77-0765-427B-8651-2C431925EF65}.Release|x86.ActiveCfg = Release|x86
		{31594A77-0765-427B-8651-2C431925EF65}.Release|x86.Build.0 = Release|x86
		{ACF1AC41-800F-467E-A3A5-73813B7BBCC2}.Debug|x86.ActiveCfg = Debug|x86
		{ACF1AC41-800F-467E-A3A5-73813B7BBCC2}.Debug|x86.Build.0 = Debug|x86
		{ACF1AC41-800F-467E-A3A5-73813B7BBCC2}.Release|x86.ActiveCfg = Release|x86
		{ACF1AC41-800F-467E-A3A5-73813B7BBCC2}.Release|x86.Build.0 = Release|x86
		{1BA2327B-D5C8-4774-B668-CC6DED4F1136}.Debug|x86.ActiveCfg = Debug|x86
		{1BA2327B-D5C8-4774-B668-CC6DED4F1136}.Debug|x86.Build.0 = Debug|x86
		{1BA2327B-D5C8-4774-B668-CC6DED4F1136}.Release|x86.ActiveCfg = Release|x86
		{1BA2327B-D5C8-4774-B668-CC6DED4F1136}.Release|x86.Build.0 = Release|x86
		{ACE408D6-2F7A-43D2-B0DB-019FC5E5C176}.Debug|x86.ActiveCfg = Debug|x86
		{ACE408D6-2F7A-43D2-B0DB-019FC5E5C176}.Debug|x86.Build.0 = Debug|x86
		{ACE408D6-2F7A-43D2-B0DB-019FC5E5C176}.Release|x86.ActiveCfg = Release|x86
		{ACE408D6-2F7A-43D2-B0DB-019FC5E5C176}.Release|x86.Build.0 = Release|x86
		{314E8515-139D-4697-9EFC-010E08913E90}.Debug|x86.ActiveCfg = Debug|x86
		{314E8515-139D-4697-9EFC-010E08913E90}.Debug|x86.Build.0 = Debug|x86
		{314E8515-139D-4697-9EFC-010E08913E90}.Release|x86.ActiveCfg = Release|x86
		{314E8515-139D-4697-9EFC-010E08913E90}.Release|x86.Build.0 = Release|x86
		{3D9DAB52-30EE-47EE-B540-C71EEFCAF40A}.Debug|x86.ActiveCfg = Debug|x86
		{3D9DAB52-30EE-47EE-B540-C71EEFCAF40A}.Debug|x86.Build.0 = Debug|x86
		{3D9DAB52-30EE-47EE-B540-C71EEFCAF40A}.Release|x86.ActiveCfg = Release|x86
		{3D9DAB52-30EE-47EE-B540-C71EEFCAF40A}.Release|x86.Build.0 = Release|x86
		{266126D4-BD99-411B-AA64-AC1C16ED178D}.Debug|x86.ActiveCfg = Debug|x86
		{266126D4-BD99-411B-AA64-AC1C16ED178D}.Debug|x86.Build.0 = Debug|x86
		{266126D4-BD99-411B-AA64-AC1C16ED178D}.Release|x86.ActiveCfg = Release|x86
		{266126D4-BD99-411B-AA64-AC1C16ED178D}.Release|x86.Build.0 = Release|x86
	EndGlobalSection
EndGlobal
