
Microsoft Visual Studio Solution File, Format Version 12.00
# Visual Studio 2012
Project("{FAE04EC0-301F-11D3-BF4B-00C04F79EFBC}") = "NthDigit", "NthDigit\NthDigit.csproj", "{2ED171D1-4649-490A-916B-487840EADBB6}"
EndProject
Project("{FAE04EC0-301F-11D3-BF4B-00C04F79EFBC}") = "Notifications", "Notifications\Notifications.csproj", "{8D6C3B39-7A0F-4FAE-8F12-74439524A7C4}"
EndProject
Project("{FAE04EC0-301F-11D3-BF4B-00C04F79EFBC}") = "SumArrayElements", "SumArrayElements\SumArrayElements.csproj", "{AC495B96-96E4-4AE8-B495-7234A47F480A}"
EndProject
Project("{FAE04EC0-301F-11D3-BF4B-00C04F79EFBC}") = "SmallestElementInArray", "SmallestElementInArray\SmallestElementInArray.csproj", "{18D3EC7B-18A2-49BF-8BDB-5D9CC9E25335}"
EndProject
Project("{FAE04EC0-301F-11D3-BF4B-00C04F79EFBC}") = "RotateArrayOfStrings", "RotateArrayOfStrings\RotateArrayOfStrings.csproj", "{B5290C73-3B18-4BAD-B21E-5F375CE2C524}"
EndProject
Project("{FAE04EC0-301F-11D3-BF4B-00C04F79EFBC}") = "FlipListSides", "FlipListSides\FlipListSides.csproj", "{B9755618-F541-4EC7-A9FB-CEDA74DC8156}"
EndProject
Project("{FAE04EC0-301F-11D3-BF4B-00C04F79EFBC}") = "EqualSumAfterExtraction", "EqualSumAfterExtraction\EqualSumAfterExtraction.csproj", "{10D1ACAD-8204-4A69-A8F7-225CE6CEBD8A}"
EndProject
Project("{FAE04EC0-301F-11D3-BF4B-00C04F79EFBC}") = "IntegerInsertion", "IntegerInsertion\IntegerInsertion.csproj", "{E24C8AA5-9B09-4F79-A70D-8E5757F8AFCF}"
EndProject
Project("{FAE04EC0-301F-11D3-BF4B-00C04F79EFBC}") = "TearListInHalf", "TearListInHalf\TearListInHalf.csproj", "{6CF08FA6-E3D1-4BCF-AE19-8CDB332E9292}"
EndProject
Project("{FAE04EC0-301F-11D3-BF4B-00C04F79EFBC}") = "TrackDownloader", "TrackDownloader\TrackDownloader.csproj", "{71E0E0F1-4780-4BBD-AC6D-A6CA3E02BB2C}"
EndProject
Project("{FAE04EC0-301F-11D3-BF4B-00C04F79EFBC}") = "RemoveElementsOfOddPositions", "RemoveElementsOfOddPositions\RemoveElementsOfOddPositions.csproj", "{D24734FF-8CEA-4D77-90C7-728371D8E202}"
EndProject
Project("{FAE04EC0-301F-11D3-BF4B-00C04F79EFBC}") = "CamelsBack", "CamelsBack\CamelsBack.csproj", "{A7EC3C91-516E-4117-9397-912BA529C2CA}"
EndProject
Project("{FAE04EC0-301F-11D3-BF4B-00C04F79EFBC}") = "UnionList", "UnionList\UnionList.csproj", "{37E72C73-59CE-4CC9-A8B2-A491573CCE62}"
EndProject
Project("{FAE04EC0-301F-11D3-BF4B-00C04F79EFBC}") = "DistinctList", "DistinctList\DistinctList.csproj", "{D8D43839-60FC-455B-A581-95FAB545AD62}"
EndProject
Project("{9344BDBB-3E7F-41FC-A0DD-8665D75EE146}") = "LargestElementinArray", "LargestElementinArray\LargestElementinArray.csproj", "{E282BE3C-29D4-4BD6-8CF5-36FAF5C742AE}"
EndProject
Project("{9344BDBB-3E7F-41FC-A0DD-8665D75EE146}") = "CountOfNegativeElementsInArray", "CountOfNegativeElementsInArray\CountOfNegativeElementsInArray.csproj", "{8D839698-B04A-4617-A67E-E4459DDC3C44}"
EndProject
Project("{9344BDBB-3E7F-41FC-A0DD-8665D75EE146}") = "CountOfGivenElementInArray", "CountOfGivenElementInArray\CountOfGivenElementInArray.csproj", "{8090FA62-0040-42F8-95E0-4F87F62B905D}"
EndProject
Project("{9344BDBB-3E7F-41FC-A0DD-8665D75EE146}") = "IncreasingSequenceOfElements", "IncreasingSequenceOfElements\IncreasingSequenceOfElements.csproj", "{E1255B78-F6DF-4CEC-BDA8-5ED37B9D9D26}"
EndProject
Project("{9344BDBB-3E7F-41FC-A0DD-8665D75EE146}") = "EqualSequenceOfElementsInArray", "EqualSequenceOfElementsInArray\EqualSequenceOfElementsInArray.csproj", "{6EE4E3EF-589C-4E5A-BB41-EF74D2461341}"
EndProject
Project("{9344BDBB-3E7F-41FC-A0DD-8665D75EE146}") = "CountOfCapitalLettersinArray", "CountOfCapitalLettersinArray\CountOfCapitalLettersinArray.csproj", "{AC87F42C-30EF-4E6F-A35B-5B504E76711D}"
EndProject
Project("{9344BDBB-3E7F-41FC-A0DD-8665D75EE146}") = "ArraySymmetry", "ArraySymmetry\ArraySymmetry.csproj", "{00EA4661-809E-4816-8B41-26F4EAF6CB6E}"
EndProject
Project("{9344BDBB-3E7F-41FC-A0DD-8665D75EE146}") = "TrickyStringsDebugging", "TrickyStringsDebugging\TrickyStringsDebugging.csproj", "{CB537AB8-D382-4543-83BD-21BEABB1DA41}"
EndProject
Project("{9344BDBB-3E7F-41FC-A0DD-8665D75EE146}") = "MiningCoinsDebugging", "MiningCoinsDebuggin\MiningCoinsDebugging.csproj", "{237E0B11-CFB1-4445-B3DA-330C0EC68EFF}"
EndProject
Project("{9344BDBB-3E7F-41FC-A0DD-8665D75EE146}") = "TriangleFormationsDebugging", "TriangleFormationsDebugging\TriangleFormationsDebugging.csproj", "{63C8A1C8-9D88-468E-9B72-44416639C9C2}"
EndProject
Project("{9344BDBB-3E7F-41FC-A0DD-8665D75EE146}") = "TetrisDebuging", "TetrisDebuging\TetrisDebuging.csproj", "{0D3837EF-041A-4587-BDC5-11D1291115F4}"
EndProject
Project("{9344BDBB-3E7F-41FC-A0DD-8665D75EE146}") = "Phonebook", "Phonebook\Phonebook.csproj", "{5A2A8DD6-D5B5-4E90-B103-5FDE2E4C8A6A}"
EndProject
Project("{9344BDBB-3E7F-41FC-A0DD-8665D75EE146}") = "ResizableArray", "ResizableArray\ResizableArray.csproj", "{D24A14EC-369C-4BA3-8EA6-FCF78C74CE5B}"
EndProject
Project("{9344BDBB-3E7F-41FC-A0DD-8665D75EE146}") = "Last3ConsecutiveEqualStrings", "Last3ConsecutiveEqualStrings\Last3ConsecutiveEqualStrings.csproj", "{023E9A8F-35F5-4124-AFD1-5B751F0FDC6E}"
EndProject
Project("{9344BDBB-3E7F-41FC-A0DD-8665D75EE146}") = "ArrayElementsEqualToTheirIndex", "ArrayElementsEqualToTheirIndex\ArrayElementsEqualToTheirIndex.csproj", "{1CF89086-448D-422A-9FF5-041B1E3C1E92}"
EndProject
Project("{9344BDBB-3E7F-41FC-A0DD-8665D75EE146}") = "CharRotation", "CharRotation\CharRotation.csproj", "{51454C78-250C-42C2-B5D2-BD67D55E87EB}"
EndProject
Project("{9344BDBB-3E7F-41FC-A0DD-8665D75EE146}") = "MultiplyAnArrayOfDoubles", "MultiplyAnArrayOfDoubles\MultiplyAnArrayOfDoubles.csproj", "{CC83FD1C-237A-4052-B602-30E5243B192F}"
EndProject
Project("{9344BDBB-3E7F-41FC-A0DD-8665D75EE146}") = "Hello", "Hello\Hello.csproj", "{BD594F62-4608-4EEB-BAFA-D8EC807BA168}"
EndProject
Project("{9344BDBB-3E7F-41FC-A0DD-8665D75EE146}") = "TimeSinceBirthday", "Second\TimeSinceBirthday.csproj", "{13FE92A5-3E6E-4BDE-9380-98C996034909}"
EndProject
Project("{9344BDBB-3E7F-41FC-A0DD-8665D75EE146}") = "CirclePerimeter", "CirclePerimeter\CirclePerimeter.csproj", "{58B95A7F-8F39-4555-8265-25293B5D0CDF}"
EndProject
Project("{9344BDBB-3E7F-41FC-A0DD-8665D75EE146}") = "ExactProductOfRealNumbers", "ExactProductOfRealNumbers\ExactProductOfRealNumbers.csproj", "{DD4076D6-A299-4A8A-BDA5-CBEA39430ACF}"
EndProject
Project("{9344BDBB-3E7F-41FC-A0DD-8665D75EE146}") = "Transport", "Transport\Transport.csproj", "{C9FFDCDD-70B9-4D42-9848-36BCAA2B884A}"
EndProject
Project("{9344BDBB-3E7F-41FC-A0DD-8665D75EE146}") = "PracticeIntegerNumbers", "PracticeIntegerNumbers\PracticeIntegerNumbers.csproj", "{87BCA645-F37A-4F96-BC58-6C10433D3003}"
EndProject
Project("{9344BDBB-3E7F-41FC-A0DD-8665D75EE146}") = "PracticeFloatingPointNumbers", "PracticeFloatingPointNumbers\PracticeFloatingPointNumbers.csproj", "{7DF27F09-6C05-47C6-9AA2-7D67781E4871}"
EndProject
Project("{9344BDBB-3E7F-41FC-A0DD-8665D75EE146}") = "ExchangeVariableValues", "PracticeCharactersAndStrings\ExchangeVariableValues.csproj", "{BFE516C9-8900-4232-8D8C-8E25B2A2F525}"
EndProject
Project("{9344BDBB-3E7F-41FC-A0DD-8665D75EE146}") = "SpecialNumbers", "SpecialNumbers\SpecialNumbers.csproj", "{E9640EC9-0CFC-40B7-878F-CA944349E081}"
EndProject
Project("{9344BDBB-3E7F-41FC-A0DD-8665D75EE146}") = "TriplesOfLatinLetters", "TriplesOfLatinLetters\TriplesOfLatinLetters.csproj", "{C76C93AF-9EC8-45C0-885C-2B1FD88AF34A}"
EndProject
Project("{9344BDBB-3E7F-41FC-A0DD-8665D75EE146}") = "Greeting", "Greeting\Greeting.csproj", "{74BF634A-DE8C-43AF-B909-788708E316F6}"
EndProject
Project("{9344BDBB-3E7F-41FC-A0DD-8665D75EE146}") = "RefactorVolumeOfPyramid", "RefactorVolumeOfPyramid\RefactorVolumeOfPyramid.csproj", "{FEC6F0C2-DB98-42C2-BD9E-1ED59BA92E30}"
EndProject
Project("{9344BDBB-3E7F-41FC-A0DD-8665D75EE146}") = "RefactorSpecialNumbers", "RefactorSpecialNumbers\RefactorSpecialNumbers.csproj", "{5D5965E1-25C4-477B-A8EF-BB28D027A0C8}"
EndProject
Project("{9344BDBB-3E7F-41FC-A0DD-8665D75EE146}") = "FloatOrInteger", "FloatOrInteger\FloatOrInteger.csproj", "{E384ADD9-0257-4CC3-B087-09AE4B36C9C7}"
EndProject
Project("{9344BDBB-3E7F-41FC-A0DD-8665D75EE146}") = "DistanceOfTheStars", "DistanceOfTheStars\DistanceOfTheStars.csproj", "{915CE773-6128-418C-9A75-ACC5C0F54F8E}"
EndProject
Project("{9344BDBB-3E7F-41FC-A0DD-8665D75EE146}") = "IncrementVariable", "IncrementVariable\IncrementVariable.csproj", "{41B3AFD8-A9B0-44E1-A1D5-44C71E6A9A8B}"
EndProject
Project("{9344BDBB-3E7F-41FC-A0DD-8665D75EE146}") = "TerabytesToBits", "TerabytesToBits\TerabytesToBits.csproj", "{9F980ABA-CA1B-4E44-B0E4-17157B2762E9}"
EndProject
Project("{9344BDBB-3E7F-41FC-A0DD-8665D75EE146}") = "TravelingAtLightSpeed", "TravelingAtLightSpeed\TravelingAtLightSpeed.csproj", "{EFFF9D2C-EE5B-45C9-AAAC-2ED60E47710D}"
EndProject
Project("{9344BDBB-3E7F-41FC-A0DD-8665D75EE146}") = "PracticeCharAndStrings", "PracticeCharAndStrings\PracticeCharAndStrings.csproj", "{9C91E247-5977-4320-8720-543B924717FF}"
EndProject
Project("{9344BDBB-3E7F-41FC-A0DD-8665D75EE146}") = "VariableinHexadecimalFormat", "VariableinHexadecimalFormat\VariableinHexadecimalFormat.csproj", "{DA825B72-062F-4054-AE4B-E9655ABD55E7}"
EndProject
Project("{9344BDBB-3E7F-41FC-A0DD-8665D75EE146}") = "DigitsToWords", "DigitsToWords\DigitsToWords.csproj", "{6BF72163-D0C8-4A25-8C4C-D6037A268E78}"
EndProject
Project("{9344BDBB-3E7F-41FC-A0DD-8665D75EE146}") = "Calculator", "Calculator\Calculator.csproj", "{2EC30466-EAD4-43FE-8E61-5AA7943CB1BF}"
EndProject
Project("{9344BDBB-3E7F-41FC-A0DD-8665D75EE146}") = "BlankReceipt", "BlankReceipt\BlankReceipt.csproj", "{625BE3EE-9D6F-4282-96A0-B319B4AC2BF7}"
EndProject
Project("{9344BDBB-3E7F-41FC-A0DD-8665D75EE146}") = "SignOfIntegerNumber", "SignOfIntegerNumber\SignOfIntegerNumber.csproj", "{C7644E7D-8C48-4749-81B9-4653AD760B5F}"
EndProject
Project("{9344BDBB-3E7F-41FC-A0DD-8665D75EE146}") = "PrintingTriangle", "PrintingTriangle\PrintingTriangle.csproj", "{372790E9-189C-4F26-88F5-9F0A079B28E3}"
EndProject
Project("{9344BDBB-3E7F-41FC-A0DD-8665D75EE146}") = "DrawAFilledSquare", "DrawAFilledSquare\DrawAFilledSquare.csproj", "{2F0662F5-CA7D-408A-B69E-118719FB5DB2}"
EndProject
Project("{9344BDBB-3E7F-41FC-A0DD-8665D75EE146}") = "CalculateTriangleArea", "CalculateTriangleArea\CalculateTriangleArea.csproj", "{23D6C9F4-6D28-4E3F-BCB0-AEB69A2AA9C5}"
EndProject
Project("{9344BDBB-3E7F-41FC-A0DD-8665D75EE146}") = "MathPower", "MathPower\MathPower.csproj", "{6F07826B-0314-4D8F-8BD5-3416662BB680}"
EndProject
Project("{9344BDBB-3E7F-41FC-A0DD-8665D75EE146}") = "GreaterOfTwoValues", "GreaterOfTwoValues\GreaterOfTwoValues.csproj", "{F057D33D-4A7D-4C14-8458-85FFC54D249C}"
EndProject
Project("{9344BDBB-3E7F-41FC-A0DD-8665D75EE146}") = "ASCIIString", "ASCIIString\ASCIIString.csproj", "{835557BF-3A71-4DAA-BF18-69CB5EC3C491}"
EndProject
Project("{9344BDBB-3E7F-41FC-A0DD-8665D75EE146}") = "TrickyStrings", "TrickyStrings\TrickyStrings.csproj", "{6E0E44C4-F73B-4C8E-BF63-CB30281DA6C5}"
EndProject
Project("{9344BDBB-3E7F-41FC-A0DD-8665D75EE146}") = "HelloName", "HelloName\HelloName.csproj", "{D66AB00A-956F-498A-80BE-7D573EFF0803}"
EndProject
Project("{9344BDBB-3E7F-41FC-A0DD-8665D75EE146}") = "MinMethod", "MinMethod\MinMethod.csproj", "{F3BE4415-4656-447E-81F8-D038C78BE7B9}"
EndProject
Project("{9344BDBB-3E7F-41FC-A0DD-8665D75EE146}") = "StringRepater", "StringRepater\StringRepater.csproj", "{93F1CB34-4F32-432C-B3C8-0F8E0B0CA775}"
EndProject
Project("{9344BDBB-3E7F-41FC-A0DD-8665D75EE146}") = "IntegerToBase", "IntegerToBase\IntegerToBase.csproj", "{4592B260-11E3-4D8A-8CF4-4B4381A3E7C9}"
EndProject
Project("{FAE04EC0-301F-11D3-BF4B-00C04F79EFBC}") = "ArrayHistogram", "ArrayHistogram\ArrayHistogram.csproj", "{FEFBC171-8AC4-4174-94CA-3FADAB9A94BF}"
EndProject
Project("{FAE04EC0-301F-11D3-BF4B-00C04F79EFBC}") = "ShootListElements", "ShootListElements\ShootListElements.csproj", "{62D33259-4643-45DA-8DF1-CA9DAF6878EE}"
EndProject
Project("{FAE04EC0-301F-11D3-BF4B-00C04F79EFBC}") = "AverageCharacterDelimiter", "AverageCharacterDelimiter\AverageCharacterDelimiter.csproj", "{1843180A-08C1-4BDE-9BE1-68A692CFBB4F}"
EndProject
Project("{9344BDBB-3E7F-41FC-A0DD-8665D75EE146}") = "OddNumbersAtOddPositions", "OddNumbersAtOddPositions\OddNumbersAtOddPositions.csproj", "{1B8B4997-729E-4EB4-B26C-B61E4F52F577}"
EndProject
Project("{FAE04EC0-301F-11D3-BF4B-00C04F79EFBC}") = "SortArraysOfStrings", "SortArraysOfStrings\SortArraysOfStrings.csproj", "{77620662-2D16-4AAA-A050-02C7982C31F5}"
EndProject
Global
	GlobalSection(SolutionConfigurationPlatforms) = preSolution
		Debug|x86 = Debug|x86
		Release|x86 = Release|x86
	EndGlobalSection
	GlobalSection(ProjectConfigurationPlatforms) = postSolution
		{2ED171D1-4649-490A-916B-487840EADBB6}.Debug|x86.ActiveCfg = Debug|x86
		{2ED171D1-4649-490A-916B-487840EADBB6}.Debug|x86.Build.0 = Debug|x86
		{2ED171D1-4649-490A-916B-487840EADBB6}.Release|x86.ActiveCfg = Release|x86
		{2ED171D1-4649-490A-916B-487840EADBB6}.Release|x86.Build.0 = Release|x86
		{8D6C3B39-7A0F-4FAE-8F12-74439524A7C4}.Debug|x86.ActiveCfg = Debug|x86
		{8D6C3B39-7A0F-4FAE-8F12-74439524A7C4}.Debug|x86.Build.0 = Debug|x86
		{8D6C3B39-7A0F-4FAE-8F12-74439524A7C4}.Release|x86.ActiveCfg = Release|x86
		{8D6C3B39-7A0F-4FAE-8F12-74439524A7C4}.Release|x86.Build.0 = Release|x86
		{AC495B96-96E4-4AE8-B495-7234A47F480A}.Debug|x86.ActiveCfg = Debug|x86
		{AC495B96-96E4-4AE8-B495-7234A47F480A}.Debug|x86.Build.0 = Debug|x86
		{AC495B96-96E4-4AE8-B495-7234A47F480A}.Release|x86.ActiveCfg = Release|x86
		{AC495B96-96E4-4AE8-B495-7234A47F480A}.Release|x86.Build.0 = Release|x86
		{18D3EC7B-18A2-49BF-8BDB-5D9CC9E25335}.Debug|x86.ActiveCfg = Debug|x86
		{18D3EC7B-18A2-49BF-8BDB-5D9CC9E25335}.Debug|x86.Build.0 = Debug|x86
		{18D3EC7B-18A2-49BF-8BDB-5D9CC9E25335}.Release|x86.ActiveCfg = Release|x86
		{18D3EC7B-18A2-49BF-8BDB-5D9CC9E25335}.Release|x86.Build.0 = Release|x86
		{B5290C73-3B18-4BAD-B21E-5F375CE2C524}.Debug|x86.ActiveCfg = Debug|x86
		{B5290C73-3B18-4BAD-B21E-5F375CE2C524}.Debug|x86.Build.0 = Debug|x86
		{B5290C73-3B18-4BAD-B21E-5F375CE2C524}.Release|x86.ActiveCfg = Release|x86
		{B5290C73-3B18-4BAD-B21E-5F375CE2C524}.Release|x86.Build.0 = Release|x86
		{B9755618-F541-4EC7-A9FB-CEDA74DC8156}.Debug|x86.ActiveCfg = Debug|x86
		{B9755618-F541-4EC7-A9FB-CEDA74DC8156}.Debug|x86.Build.0 = Debug|x86
		{B9755618-F541-4EC7-A9FB-CEDA74DC8156}.Release|x86.ActiveCfg = Release|x86
		{B9755618-F541-4EC7-A9FB-CEDA74DC8156}.Release|x86.Build.0 = Release|x86
		{10D1ACAD-8204-4A69-A8F7-225CE6CEBD8A}.Debug|x86.ActiveCfg = Debug|x86
		{10D1ACAD-8204-4A69-A8F7-225CE6CEBD8A}.Debug|x86.Build.0 = Debug|x86
		{10D1ACAD-8204-4A69-A8F7-225CE6CEBD8A}.Release|x86.ActiveCfg = Release|x86
		{10D1ACAD-8204-4A69-A8F7-225CE6CEBD8A}.Release|x86.Build.0 = Release|x86
		{E24C8AA5-9B09-4F79-A70D-8E5757F8AFCF}.Debug|x86.ActiveCfg = Debug|x86
		{E24C8AA5-9B09-4F79-A70D-8E5757F8AFCF}.Debug|x86.Build.0 = Debug|x86
		{E24C8AA5-9B09-4F79-A70D-8E5757F8AFCF}.Release|x86.ActiveCfg = Release|x86
		{E24C8AA5-9B09-4F79-A70D-8E5757F8AFCF}.Release|x86.Build.0 = Release|x86
		{6CF08FA6-E3D1-4BCF-AE19-8CDB332E9292}.Debug|x86.ActiveCfg = Debug|x86
		{6CF08FA6-E3D1-4BCF-AE19-8CDB332E9292}.Debug|x86.Build.0 = Debug|x86
		{6CF08FA6-E3D1-4BCF-AE19-8CDB332E9292}.Release|x86.ActiveCfg = Release|x86
		{6CF08FA6-E3D1-4BCF-AE19-8CDB332E9292}.Release|x86.Build.0 = Release|x86
		{71E0E0F1-4780-4BBD-AC6D-A6CA3E02BB2C}.Debug|x86.ActiveCfg = Debug|x86
		{71E0E0F1-4780-4BBD-AC6D-A6CA3E02BB2C}.Debug|x86.Build.0 = Debug|x86
		{71E0E0F1-4780-4BBD-AC6D-A6CA3E02BB2C}.Release|x86.ActiveCfg = Release|x86
		{71E0E0F1-4780-4BBD-AC6D-A6CA3E02BB2C}.Release|x86.Build.0 = Release|x86
		{D24734FF-8CEA-4D77-90C7-728371D8E202}.Debug|x86.ActiveCfg = Debug|x86
		{D24734FF-8CEA-4D77-90C7-728371D8E202}.Debug|x86.Build.0 = Debug|x86
		{D24734FF-8CEA-4D77-90C7-728371D8E202}.Release|x86.ActiveCfg = Release|x86
		{D24734FF-8CEA-4D77-90C7-728371D8E202}.Release|x86.Build.0 = Release|x86
		{A7EC3C91-516E-4117-9397-912BA529C2CA}.Debug|x86.ActiveCfg = Debug|x86
		{A7EC3C91-516E-4117-9397-912BA529C2CA}.Debug|x86.Build.0 = Debug|x86
		{A7EC3C91-516E-4117-9397-912BA529C2CA}.Release|x86.ActiveCfg = Release|x86
		{A7EC3C91-516E-4117-9397-912BA529C2CA}.Release|x86.Build.0 = Release|x86
		{37E72C73-59CE-4CC9-A8B2-A491573CCE62}.Debug|x86.ActiveCfg = Debug|x86
		{37E72C73-59CE-4CC9-A8B2-A491573CCE62}.Debug|x86.Build.0 = Debug|x86
		{37E72C73-59CE-4CC9-A8B2-A491573CCE62}.Release|x86.ActiveCfg = Release|x86
		{37E72C73-59CE-4CC9-A8B2-A491573CCE62}.Release|x86.Build.0 = Release|x86
		{D8D43839-60FC-455B-A581-95FAB545AD62}.Debug|x86.ActiveCfg = Debug|x86
		{D8D43839-60FC-455B-A581-95FAB545AD62}.Debug|x86.Build.0 = Debug|x86
		{D8D43839-60FC-455B-A581-95FAB545AD62}.Release|x86.ActiveCfg = Release|x86
		{D8D43839-60FC-455B-A581-95FAB545AD62}.Release|x86.Build.0 = Release|x86
		{E282BE3C-29D4-4BD6-8CF5-36FAF5C742AE}.Debug|x86.ActiveCfg = Debug|x86
		{E282BE3C-29D4-4BD6-8CF5-36FAF5C742AE}.Debug|x86.Build.0 = Debug|x86
		{E282BE3C-29D4-4BD6-8CF5-36FAF5C742AE}.Release|x86.ActiveCfg = Release|x86
		{E282BE3C-29D4-4BD6-8CF5-36FAF5C742AE}.Release|x86.Build.0 = Release|x86
		{8D839698-B04A-4617-A67E-E4459DDC3C44}.Debug|x86.ActiveCfg = Debug|x86
		{8D839698-B04A-4617-A67E-E4459DDC3C44}.Debug|x86.Build.0 = Debug|x86
		{8D839698-B04A-4617-A67E-E4459DDC3C44}.Release|x86.ActiveCfg = Release|x86
		{8D839698-B04A-4617-A67E-E4459DDC3C44}.Release|x86.Build.0 = Release|x86
		{8090FA62-0040-42F8-95E0-4F87F62B905D}.Debug|x86.ActiveCfg = Debug|x86
		{8090FA62-0040-42F8-95E0-4F87F62B905D}.Debug|x86.Build.0 = Debug|x86
		{8090FA62-0040-42F8-95E0-4F87F62B905D}.Release|x86.ActiveCfg = Release|x86
		{8090FA62-0040-42F8-95E0-4F87F62B905D}.Release|x86.Build.0 = Release|x86
		{E1255B78-F6DF-4CEC-BDA8-5ED37B9D9D26}.Debug|x86.ActiveCfg = Debug|x86
		{E1255B78-F6DF-4CEC-BDA8-5ED37B9D9D26}.Debug|x86.Build.0 = Debug|x86
		{E1255B78-F6DF-4CEC-BDA8-5ED37B9D9D26}.Release|x86.ActiveCfg = Release|x86
		{E1255B78-F6DF-4CEC-BDA8-5ED37B9D9D26}.Release|x86.Build.0 = Release|x86
		{6EE4E3EF-589C-4E5A-BB41-EF74D2461341}.Debug|x86.ActiveCfg = Debug|x86
		{6EE4E3EF-589C-4E5A-BB41-EF74D2461341}.Debug|x86.Build.0 = Debug|x86
		{6EE4E3EF-589C-4E5A-BB41-EF74D2461341}.Release|x86.ActiveCfg = Release|x86
		{6EE4E3EF-589C-4E5A-BB41-EF74D2461341}.Release|x86.Build.0 = Release|x86
		{AC87F42C-30EF-4E6F-A35B-5B504E76711D}.Debug|x86.ActiveCfg = Debug|x86
		{AC87F42C-30EF-4E6F-A35B-5B504E76711D}.Debug|x86.Build.0 = Debug|x86
		{AC87F42C-30EF-4E6F-A35B-5B504E76711D}.Release|x86.ActiveCfg = Release|x86
		{AC87F42C-30EF-4E6F-A35B-5B504E76711D}.Release|x86.Build.0 = Release|x86
		{00EA4661-809E-4816-8B41-26F4EAF6CB6E}.Debug|x86.ActiveCfg = Debug|x86
		{00EA4661-809E-4816-8B41-26F4EAF6CB6E}.Debug|x86.Build.0 = Debug|x86
		{00EA4661-809E-4816-8B41-26F4EAF6CB6E}.Release|x86.ActiveCfg = Release|x86
		{00EA4661-809E-4816-8B41-26F4EAF6CB6E}.Release|x86.Build.0 = Release|x86
		{CB537AB8-D382-4543-83BD-21BEABB1DA41}.Debug|x86.ActiveCfg = Debug|x86
		{CB537AB8-D382-4543-83BD-21BEABB1DA41}.Debug|x86.Build.0 = Debug|x86
		{CB537AB8-D382-4543-83BD-21BEABB1DA41}.Release|x86.ActiveCfg = Release|x86
		{CB537AB8-D382-4543-83BD-21BEABB1DA41}.Release|x86.Build.0 = Release|x86
		{237E0B11-CFB1-4445-B3DA-330C0EC68EFF}.Debug|x86.ActiveCfg = Debug|x86
		{237E0B11-CFB1-4445-B3DA-330C0EC68EFF}.Debug|x86.Build.0 = Debug|x86
		{237E0B11-CFB1-4445-B3DA-330C0EC68EFF}.Release|x86.ActiveCfg = Release|x86
		{237E0B11-CFB1-4445-B3DA-330C0EC68EFF}.Release|x86.Build.0 = Release|x86
		{63C8A1C8-9D88-468E-9B72-44416639C9C2}.Debug|x86.ActiveCfg = Debug|x86
		{63C8A1C8-9D88-468E-9B72-44416639C9C2}.Debug|x86.Build.0 = Debug|x86
		{63C8A1C8-9D88-468E-9B72-44416639C9C2}.Release|x86.ActiveCfg = Release|x86
		{63C8A1C8-9D88-468E-9B72-44416639C9C2}.Release|x86.Build.0 = Release|x86
		{0D3837EF-041A-4587-BDC5-11D1291115F4}.Debug|x86.ActiveCfg = Debug|x86
		{0D3837EF-041A-4587-BDC5-11D1291115F4}.Debug|x86.Build.0 = Debug|x86
		{0D3837EF-041A-4587-BDC5-11D1291115F4}.Release|x86.ActiveCfg = Release|x86
		{0D3837EF-041A-4587-BDC5-11D1291115F4}.Release|x86.Build.0 = Release|x86
		{5A2A8DD6-D5B5-4E90-B103-5FDE2E4C8A6A}.Debug|x86.ActiveCfg = Debug|x86
		{5A2A8DD6-D5B5-4E90-B103-5FDE2E4C8A6A}.Debug|x86.Build.0 = Debug|x86
		{5A2A8DD6-D5B5-4E90-B103-5FDE2E4C8A6A}.Release|x86.ActiveCfg = Release|x86
		{5A2A8DD6-D5B5-4E90-B103-5FDE2E4C8A6A}.Release|x86.Build.0 = Release|x86
		{D24A14EC-369C-4BA3-8EA6-FCF78C74CE5B}.Debug|x86.ActiveCfg = Debug|x86
		{D24A14EC-369C-4BA3-8EA6-FCF78C74CE5B}.Debug|x86.Build.0 = Debug|x86
		{D24A14EC-369C-4BA3-8EA6-FCF78C74CE5B}.Release|x86.ActiveCfg = Release|x86
		{D24A14EC-369C-4BA3-8EA6-FCF78C74CE5B}.Release|x86.Build.0 = Release|x86
		{023E9A8F-35F5-4124-AFD1-5B751F0FDC6E}.Debug|x86.ActiveCfg = Debug|x86
		{023E9A8F-35F5-4124-AFD1-5B751F0FDC6E}.Debug|x86.Build.0 = Debug|x86
		{023E9A8F-35F5-4124-AFD1-5B751F0FDC6E}.Release|x86.ActiveCfg = Release|x86
		{023E9A8F-35F5-4124-AFD1-5B751F0FDC6E}.Release|x86.Build.0 = Release|x86
		{1CF89086-448D-422A-9FF5-041B1E3C1E92}.Debug|x86.ActiveCfg = Debug|x86
		{1CF89086-448D-422A-9FF5-041B1E3C1E92}.Debug|x86.Build.0 = Debug|x86
		{1CF89086-448D-422A-9FF5-041B1E3C1E92}.Release|x86.ActiveCfg = Release|x86
		{1CF89086-448D-422A-9FF5-041B1E3C1E92}.Release|x86.Build.0 = Release|x86
		{51454C78-250C-42C2-B5D2-BD67D55E87EB}.Debug|x86.ActiveCfg = Debug|x86
		{51454C78-250C-42C2-B5D2-BD67D55E87EB}.Debug|x86.Build.0 = Debug|x86
		{51454C78-250C-42C2-B5D2-BD67D55E87EB}.Release|x86.ActiveCfg = Release|x86
		{51454C78-250C-42C2-B5D2-BD67D55E87EB}.Release|x86.Build.0 = Release|x86
		{CC83FD1C-237A-4052-B602-30E5243B192F}.Debug|x86.ActiveCfg = Debug|x86
		{CC83FD1C-237A-4052-B602-30E5243B192F}.Debug|x86.Build.0 = Debug|x86
		{CC83FD1C-237A-4052-B602-30E5243B192F}.Release|x86.ActiveCfg = Release|x86
		{CC83FD1C-237A-4052-B602-30E5243B192F}.Release|x86.Build.0 = Release|x86
		{BD594F62-4608-4EEB-BAFA-D8EC807BA168}.Debug|x86.ActiveCfg = Debug|x86
		{BD594F62-4608-4EEB-BAFA-D8EC807BA168}.Debug|x86.Build.0 = Debug|x86
		{BD594F62-4608-4EEB-BAFA-D8EC807BA168}.Release|x86.ActiveCfg = Release|x86
		{BD594F62-4608-4EEB-BAFA-D8EC807BA168}.Release|x86.Build.0 = Release|x86
		{13FE92A5-3E6E-4BDE-9380-98C996034909}.Debug|x86.ActiveCfg = Debug|x86
		{13FE92A5-3E6E-4BDE-9380-98C996034909}.Debug|x86.Build.0 = Debug|x86
		{13FE92A5-3E6E-4BDE-9380-98C996034909}.Release|x86.ActiveCfg = Release|x86
		{13FE92A5-3E6E-4BDE-9380-98C996034909}.Release|x86.Build.0 = Release|x86
		{58B95A7F-8F39-4555-8265-25293B5D0CDF}.Debug|x86.ActiveCfg = Debug|x86
		{58B95A7F-8F39-4555-8265-25293B5D0CDF}.Debug|x86.Build.0 = Debug|x86
		{58B95A7F-8F39-4555-8265-25293B5D0CDF}.Release|x86.ActiveCfg = Release|x86
		{58B95A7F-8F39-4555-8265-25293B5D0CDF}.Release|x86.Build.0 = Release|x86
		{DD4076D6-A299-4A8A-BDA5-CBEA39430ACF}.Debug|x86.ActiveCfg = Debug|x86
		{DD4076D6-A299-4A8A-BDA5-CBEA39430ACF}.Debug|x86.Build.0 = Debug|x86
		{DD4076D6-A299-4A8A-BDA5-CBEA39430ACF}.Release|x86.ActiveCfg = Release|x86
		{DD4076D6-A299-4A8A-BDA5-CBEA39430ACF}.Release|x86.Build.0 = Release|x86
		{C9FFDCDD-70B9-4D42-9848-36BCAA2B884A}.Debug|x86.ActiveCfg = Debug|x86
		{C9FFDCDD-70B9-4D42-9848-36BCAA2B884A}.Debug|x86.Build.0 = Debug|x86
		{C9FFDCDD-70B9-4D42-9848-36BCAA2B884A}.Release|x86.ActiveCfg = Release|x86
		{C9FFDCDD-70B9-4D42-9848-36BCAA2B884A}.Release|x86.Build.0 = Release|x86
		{87BCA645-F37A-4F96-BC58-6C10433D3003}.Debug|x86.ActiveCfg = Debug|x86
		{87BCA645-F37A-4F96-BC58-6C10433D3003}.Debug|x86.Build.0 = Debug|x86
		{87BCA645-F37A-4F96-BC58-6C10433D3003}.Release|x86.ActiveCfg = Release|x86
		{87BCA645-F37A-4F96-BC58-6C10433D3003}.Release|x86.Build.0 = Release|x86
		{7DF27F09-6C05-47C6-9AA2-7D67781E4871}.Debug|x86.ActiveCfg = Debug|x86
		{7DF27F09-6C05-47C6-9AA2-7D67781E4871}.Debug|x86.Build.0 = Debug|x86
		{7DF27F09-6C05-47C6-9AA2-7D67781E4871}.Release|x86.ActiveCfg = Release|x86
		{7DF27F09-6C05-47C6-9AA2-7D67781E4871}.Release|x86.Build.0 = Release|x86
		{BFE516C9-8900-4232-8D8C-8E25B2A2F525}.Debug|x86.ActiveCfg = Debug|x86
		{BFE516C9-8900-4232-8D8C-8E25B2A2F525}.Debug|x86.Build.0 = Debug|x86
		{BFE516C9-8900-4232-8D8C-8E25B2A2F525}.Release|x86.ActiveCfg = Release|x86
		{BFE516C9-8900-4232-8D8C-8E25B2A2F525}.Release|x86.Build.0 = Release|x86
		{E9640EC9-0CFC-40B7-878F-CA944349E081}.Debug|x86.ActiveCfg = Debug|x86
		{E9640EC9-0CFC-40B7-878F-CA944349E081}.Debug|x86.Build.0 = Debug|x86
		{E9640EC9-0CFC-40B7-878F-CA944349E081}.Release|x86.ActiveCfg = Release|x86
		{E9640EC9-0CFC-40B7-878F-CA944349E081}.Release|x86.Build.0 = Release|x86
		{C76C93AF-9EC8-45C0-885C-2B1FD88AF34A}.Debug|x86.ActiveCfg = Debug|x86
		{C76C93AF-9EC8-45C0-885C-2B1FD88AF34A}.Debug|x86.Build.0 = Debug|x86
		{C76C93AF-9EC8-45C0-885C-2B1FD88AF34A}.Release|x86.ActiveCfg = Release|x86
		{C76C93AF-9EC8-45C0-885C-2B1FD88AF34A}.Release|x86.Build.0 = Release|x86
		{74BF634A-DE8C-43AF-B909-788708E316F6}.Debug|x86.ActiveCfg = Debug|x86
		{74BF634A-DE8C-43AF-B909-788708E316F6}.Debug|x86.Build.0 = Debug|x86
		{74BF634A-DE8C-43AF-B909-788708E316F6}.Release|x86.ActiveCfg = Release|x86
		{74BF634A-DE8C-43AF-B909-788708E316F6}.Release|x86.Build.0 = Release|x86
		{FEC6F0C2-DB98-42C2-BD9E-1ED59BA92E30}.Debug|x86.ActiveCfg = Debug|x86
		{FEC6F0C2-DB98-42C2-BD9E-1ED59BA92E30}.Debug|x86.Build.0 = Debug|x86
		{FEC6F0C2-DB98-42C2-BD9E-1ED59BA92E30}.Release|x86.ActiveCfg = Release|x86
		{FEC6F0C2-DB98-42C2-BD9E-1ED59BA92E30}.Release|x86.Build.0 = Release|x86
		{5D5965E1-25C4-477B-A8EF-BB28D027A0C8}.Debug|x86.ActiveCfg = Debug|x86
		{5D5965E1-25C4-477B-A8EF-BB28D027A0C8}.Debug|x86.Build.0 = Debug|x86
		{5D5965E1-25C4-477B-A8EF-BB28D027A0C8}.Release|x86.ActiveCfg = Release|x86
		{5D5965E1-25C4-477B-A8EF-BB28D027A0C8}.Release|x86.Build.0 = Release|x86
		{E384ADD9-0257-4CC3-B087-09AE4B36C9C7}.Debug|x86.ActiveCfg = Debug|x86
		{E384ADD9-0257-4CC3-B087-09AE4B36C9C7}.Debug|x86.Build.0 = Debug|x86
		{E384ADD9-0257-4CC3-B087-09AE4B36C9C7}.Release|x86.ActiveCfg = Release|x86
		{E384ADD9-0257-4CC3-B087-09AE4B36C9C7}.Release|x86.Build.0 = Release|x86
		{915CE773-6128-418C-9A75-ACC5C0F54F8E}.Debug|x86.ActiveCfg = Debug|x86
		{915CE773-6128-418C-9A75-ACC5C0F54F8E}.Debug|x86.Build.0 = Debug|x86
		{915CE773-6128-418C-9A75-ACC5C0F54F8E}.Release|x86.ActiveCfg = Release|x86
		{915CE773-6128-418C-9A75-ACC5C0F54F8E}.Release|x86.Build.0 = Release|x86
		{41B3AFD8-A9B0-44E1-A1D5-44C71E6A9A8B}.Debug|x86.ActiveCfg = Debug|x86
		{41B3AFD8-A9B0-44E1-A1D5-44C71E6A9A8B}.Debug|x86.Build.0 = Debug|x86
		{41B3AFD8-A9B0-44E1-A1D5-44C71E6A9A8B}.Release|x86.ActiveCfg = Release|x86
		{41B3AFD8-A9B0-44E1-A1D5-44C71E6A9A8B}.Release|x86.Build.0 = Release|x86
		{9F980ABA-CA1B-4E44-B0E4-17157B2762E9}.Debug|x86.ActiveCfg = Debug|x86
		{9F980ABA-CA1B-4E44-B0E4-17157B2762E9}.Debug|x86.Build.0 = Debug|x86
		{9F980ABA-CA1B-4E44-B0E4-17157B2762E9}.Release|x86.ActiveCfg = Release|x86
		{9F980ABA-CA1B-4E44-B0E4-17157B2762E9}.Release|x86.Build.0 = Release|x86
		{EFFF9D2C-EE5B-45C9-AAAC-2ED60E47710D}.Debug|x86.ActiveCfg = Debug|x86
		{EFFF9D2C-EE5B-45C9-AAAC-2ED60E47710D}.Debug|x86.Build.0 = Debug|x86
		{EFFF9D2C-EE5B-45C9-AAAC-2ED60E47710D}.Release|x86.ActiveCfg = Release|x86
		{EFFF9D2C-EE5B-45C9-AAAC-2ED60E47710D}.Release|x86.Build.0 = Release|x86
		{9C91E247-5977-4320-8720-543B924717FF}.Debug|x86.ActiveCfg = Debug|x86
		{9C91E247-5977-4320-8720-543B924717FF}.Debug|x86.Build.0 = Debug|x86
		{9C91E247-5977-4320-8720-543B924717FF}.Release|x86.ActiveCfg = Release|x86
		{9C91E247-5977-4320-8720-543B924717FF}.Release|x86.Build.0 = Release|x86
		{DA825B72-062F-4054-AE4B-E9655ABD55E7}.Debug|x86.ActiveCfg = Debug|x86
		{DA825B72-062F-4054-AE4B-E9655ABD55E7}.Debug|x86.Build.0 = Debug|x86
		{DA825B72-062F-4054-AE4B-E9655ABD55E7}.Release|x86.ActiveCfg = Release|x86
		{DA825B72-062F-4054-AE4B-E9655ABD55E7}.Release|x86.Build.0 = Release|x86
		{6BF72163-D0C8-4A25-8C4C-D6037A268E78}.Debug|x86.ActiveCfg = Debug|x86
		{6BF72163-D0C8-4A25-8C4C-D6037A268E78}.Debug|x86.Build.0 = Debug|x86
		{6BF72163-D0C8-4A25-8C4C-D6037A268E78}.Release|x86.ActiveCfg = Release|x86
		{6BF72163-D0C8-4A25-8C4C-D6037A268E78}.Release|x86.Build.0 = Release|x86
		{2EC30466-EAD4-43FE-8E61-5AA7943CB1BF}.Debug|x86.ActiveCfg = Debug|x86
		{2EC30466-EAD4-43FE-8E61-5AA7943CB1BF}.Debug|x86.Build.0 = Debug|x86
		{2EC30466-EAD4-43FE-8E61-5AA7943CB1BF}.Release|x86.ActiveCfg = Release|x86
		{2EC30466-EAD4-43FE-8E61-5AA7943CB1BF}.Release|x86.Build.0 = Release|x86
		{625BE3EE-9D6F-4282-96A0-B319B4AC2BF7}.Debug|x86.ActiveCfg = Debug|x86
		{625BE3EE-9D6F-4282-96A0-B319B4AC2BF7}.Debug|x86.Build.0 = Debug|x86
		{625BE3EE-9D6F-4282-96A0-B319B4AC2BF7}.Release|x86.ActiveCfg = Release|x86
		{625BE3EE-9D6F-4282-96A0-B319B4AC2BF7}.Release|x86.Build.0 = Release|x86
		{C7644E7D-8C48-4749-81B9-4653AD760B5F}.Debug|x86.ActiveCfg = Debug|x86
		{C7644E7D-8C48-4749-81B9-4653AD760B5F}.Debug|x86.Build.0 = Debug|x86
		{C7644E7D-8C48-4749-81B9-4653AD760B5F}.Release|x86.ActiveCfg = Release|x86
		{C7644E7D-8C48-4749-81B9-4653AD760B5F}.Release|x86.Build.0 = Release|x86
		{372790E9-189C-4F26-88F5-9F0A079B28E3}.Debug|x86.ActiveCfg = Debug|x86
		{372790E9-189C-4F26-88F5-9F0A079B28E3}.Debug|x86.Build.0 = Debug|x86
		{372790E9-189C-4F26-88F5-9F0A079B28E3}.Release|x86.ActiveCfg = Release|x86
		{372790E9-189C-4F26-88F5-9F0A079B28E3}.Release|x86.Build.0 = Release|x86
		{2F0662F5-CA7D-408A-B69E-118719FB5DB2}.Debug|x86.ActiveCfg = Debug|x86
		{2F0662F5-CA7D-408A-B69E-118719FB5DB2}.Debug|x86.Build.0 = Debug|x86
		{2F0662F5-CA7D-408A-B69E-118719FB5DB2}.Release|x86.ActiveCfg = Release|x86
		{2F0662F5-CA7D-408A-B69E-118719FB5DB2}.Release|x86.Build.0 = Release|x86
		{23D6C9F4-6D28-4E3F-BCB0-AEB69A2AA9C5}.Debug|x86.ActiveCfg = Debug|x86
		{23D6C9F4-6D28-4E3F-BCB0-AEB69A2AA9C5}.Debug|x86.Build.0 = Debug|x86
		{23D6C9F4-6D28-4E3F-BCB0-AEB69A2AA9C5}.Release|x86.ActiveCfg = Release|x86
		{23D6C9F4-6D28-4E3F-BCB0-AEB69A2AA9C5}.Release|x86.Build.0 = Release|x86
		{6F07826B-0314-4D8F-8BD5-3416662BB680}.Debug|x86.ActiveCfg = Debug|x86
		{6F07826B-0314-4D8F-8BD5-3416662BB680}.Debug|x86.Build.0 = Debug|x86
		{6F07826B-0314-4D8F-8BD5-3416662BB680}.Release|x86.ActiveCfg = Release|x86
		{6F07826B-0314-4D8F-8BD5-3416662BB680}.Release|x86.Build.0 = Release|x86
		{F057D33D-4A7D-4C14-8458-85FFC54D249C}.Debug|x86.ActiveCfg = Debug|x86
		{F057D33D-4A7D-4C14-8458-85FFC54D249C}.Debug|x86.Build.0 = Debug|x86
		{F057D33D-4A7D-4C14-8458-85FFC54D249C}.Release|x86.ActiveCfg = Release|x86
		{F057D33D-4A7D-4C14-8458-85FFC54D249C}.Release|x86.Build.0 = Release|x86
		{835557BF-3A71-4DAA-BF18-69CB5EC3C491}.Debug|x86.ActiveCfg = Debug|x86
		{835557BF-3A71-4DAA-BF18-69CB5EC3C491}.Debug|x86.Build.0 = Debug|x86
		{835557BF-3A71-4DAA-BF18-69CB5EC3C491}.Release|x86.ActiveCfg = Release|x86
		{835557BF-3A71-4DAA-BF18-69CB5EC3C491}.Release|x86.Build.0 = Release|x86
		{6E0E44C4-F73B-4C8E-BF63-CB30281DA6C5}.Debug|x86.ActiveCfg = Debug|x86
		{6E0E44C4-F73B-4C8E-BF63-CB30281DA6C5}.Debug|x86.Build.0 = Debug|x86
		{6E0E44C4-F73B-4C8E-BF63-CB30281DA6C5}.Release|x86.ActiveCfg = Release|x86
		{6E0E44C4-F73B-4C8E-BF63-CB30281DA6C5}.Release|x86.Build.0 = Release|x86
		{D66AB00A-956F-498A-80BE-7D573EFF0803}.Debug|x86.ActiveCfg = Debug|x86
		{D66AB00A-956F-498A-80BE-7D573EFF0803}.Debug|x86.Build.0 = Debug|x86
		{D66AB00A-956F-498A-80BE-7D573EFF0803}.Release|x86.ActiveCfg = Release|x86
		{D66AB00A-956F-498A-80BE-7D573EFF0803}.Release|x86.Build.0 = Release|x86
		{F3BE4415-4656-447E-81F8-D038C78BE7B9}.Debug|x86.ActiveCfg = Debug|x86
		{F3BE4415-4656-447E-81F8-D038C78BE7B9}.Debug|x86.Build.0 = Debug|x86
		{F3BE4415-4656-447E-81F8-D038C78BE7B9}.Release|x86.ActiveCfg = Release|x86
		{F3BE4415-4656-447E-81F8-D038C78BE7B9}.Release|x86.Build.0 = Release|x86
		{93F1CB34-4F32-432C-B3C8-0F8E0B0CA775}.Debug|x86.ActiveCfg = Debug|x86
		{93F1CB34-4F32-432C-B3C8-0F8E0B0CA775}.Debug|x86.Build.0 = Debug|x86
		{93F1CB34-4F32-432C-B3C8-0F8E0B0CA775}.Release|x86.ActiveCfg = Release|x86
		{93F1CB34-4F32-432C-B3C8-0F8E0B0CA775}.Release|x86.Build.0 = Release|x86
		{4592B260-11E3-4D8A-8CF4-4B4381A3E7C9}.Debug|x86.ActiveCfg = Debug|x86
		{4592B260-11E3-4D8A-8CF4-4B4381A3E7C9}.Debug|x86.Build.0 = Debug|x86
		{4592B260-11E3-4D8A-8CF4-4B4381A3E7C9}.Release|x86.ActiveCfg = Release|x86
		{4592B260-11E3-4D8A-8CF4-4B4381A3E7C9}.Release|x86.Build.0 = Release|x86
		{FEFBC171-8AC4-4174-94CA-3FADAB9A94BF}.Debug|x86.ActiveCfg = Debug|x86
		{FEFBC171-8AC4-4174-94CA-3FADAB9A94BF}.Debug|x86.Build.0 = Debug|x86
		{FEFBC171-8AC4-4174-94CA-3FADAB9A94BF}.Release|x86.ActiveCfg = Release|x86
		{FEFBC171-8AC4-4174-94CA-3FADAB9A94BF}.Release|x86.Build.0 = Release|x86
		{62D33259-4643-45DA-8DF1-CA9DAF6878EE}.Debug|x86.ActiveCfg = Debug|x86
		{62D33259-4643-45DA-8DF1-CA9DAF6878EE}.Debug|x86.Build.0 = Debug|x86
		{62D33259-4643-45DA-8DF1-CA9DAF6878EE}.Release|x86.ActiveCfg = Release|x86
		{62D33259-4643-45DA-8DF1-CA9DAF6878EE}.Release|x86.Build.0 = Release|x86
		{1843180A-08C1-4BDE-9BE1-68A692CFBB4F}.Debug|x86.ActiveCfg = Debug|x86
		{1843180A-08C1-4BDE-9BE1-68A692CFBB4F}.Debug|x86.Build.0 = Debug|x86
		{1843180A-08C1-4BDE-9BE1-68A692CFBB4F}.Release|x86.ActiveCfg = Release|x86
		{1843180A-08C1-4BDE-9BE1-68A692CFBB4F}.Release|x86.Build.0 = Release|x86
		{1B8B4997-729E-4EB4-B26C-B61E4F52F577}.Debug|x86.ActiveCfg = Debug|x86
		{1B8B4997-729E-4EB4-B26C-B61E4F52F577}.Debug|x86.Build.0 = Debug|x86
		{1B8B4997-729E-4EB4-B26C-B61E4F52F577}.Release|x86.ActiveCfg = Release|x86
		{1B8B4997-729E-4EB4-B26C-B61E4F52F577}.Release|x86.Build.0 = Release|x86
		{77620662-2D16-4AAA-A050-02C7982C31F5}.Debug|x86.ActiveCfg = Debug|x86
		{77620662-2D16-4AAA-A050-02C7982C31F5}.Debug|x86.Build.0 = Debug|x86
		{77620662-2D16-4AAA-A050-02C7982C31F5}.Release|x86.ActiveCfg = Release|x86
		{77620662-2D16-4AAA-A050-02C7982C31F5}.Release|x86.Build.0 = Release|x86
	EndGlobalSection
EndGlobal
